{
	"name": "preact",
	"lockfileVersion": 3,
	"requires": true,
	"packages": {
		"": {
			"dependencies": {
				"preact": "^10.22.0",
				"preact-custom-element": "^4.3.0",
				"preact-iso": "^2.6.3",
				"preact-material-components": "^1.6.1"
			},
			"devDependencies": {
				"wmr": "^3.8.0"
			}
		},
		"node_modules/@babel/runtime": {
			"version": "7.26.0",
			"resolved": "https://registry.npmjs.org/@babel/runtime/-/runtime-7.26.0.tgz",
			"integrity": "sha512-FDSOghenHTiToteC/QRlv2q3DhPZ/oOXTBoirfWNx1Cx3TMVcGWQtMMmQcSvb/JjpNeGzx8Pq/b4fKEJuWm1sw==",
			"dependencies": {
				"regenerator-runtime": "^0.14.0"
			},
			"engines": {
				"node": ">=6.9.0"
			}
		},
		"node_modules/@material/animation": {
			"version": "0.39.0",
			"resolved": "https://registry.npmjs.org/@material/animation/-/animation-0.39.0.tgz",
			"integrity": "sha512-f3BGCba0GdYY+eGFnK0L08HLyljgEyBvMLoJoutP225IpvzsLLTqumL/796nFCsouWn6E3G+8BUVjAtzTjU2lA=="
		},
		"node_modules/@material/auto-init": {
			"version": "0.39.0",
			"resolved": "https://registry.npmjs.org/@material/auto-init/-/auto-init-0.39.0.tgz",
			"integrity": "sha512-rh/YbGupzHiY9b3V/KFBzoEKcBCY8KDXQZNnNFZwP3fwDaaU6pSbVwg5jKfR6QfrQZF7AetdCYJj0p5UKDcvnA=="
		},
		"node_modules/@material/base": {
			"version": "0.39.0",
			"resolved": "https://registry.npmjs.org/@material/base/-/base-0.39.0.tgz",
			"integrity": "sha512-B+vMqnOR2JU2dzv/5UPKQUAZAj739pMkJkt3Zy7sJaQnw3j8wTKxiUMUhd9ZHaPx1FBlUNMn2PwOq8YZIn0svA=="
		},
		"node_modules/@material/button": {
			"version": "0.39.3",
			"resolved": "https://registry.npmjs.org/@material/button/-/button-0.39.3.tgz",
			"integrity": "sha512-O4QcglZ9kgixhHbUk+vLZYm5LKgImqd8VUeClBXL3sDrqNSQX047D17fLk6Fy3n3WKroZ1WkVbM9T9gQTBmaxA==",
			"dependencies": {
				"@material/elevation": "^0.39.1",
				"@material/ripple": "^0.39.3",
				"@material/rtl": "^0.39.1",
				"@material/theme": "^0.39.1",
				"@material/typography": "^0.39.0"
			}
		},
		"node_modules/@material/card": {
			"version": "0.39.3",
			"resolved": "https://registry.npmjs.org/@material/card/-/card-0.39.3.tgz",
			"integrity": "sha512-5g+fgkMbYIztfME9nYVgPhQNE705rdEvS6oCbEGZuHgglSdhCqmAgvptc/fGh7DiDN5gYevr8RoTE5SU/oWTAg==",
			"dependencies": {
				"@material/elevation": "^0.39.1",
				"@material/ripple": "^0.39.3",
				"@material/rtl": "^0.39.1",
				"@material/theme": "^0.39.1"
			}
		},
		"node_modules/@material/checkbox": {
			"version": "0.39.3",
			"resolved": "https://registry.npmjs.org/@material/checkbox/-/checkbox-0.39.3.tgz",
			"integrity": "sha512-9mVGnsuWJqQtTJlTaV6QY916w7mNBA1m2vdRrGGcAE30svp0fb9SSOaPxZ8aC7GcRTBk+WafHbN9ZYjJQSURkA==",
			"dependencies": {
				"@material/animation": "^0.39.0",
				"@material/base": "^0.39.0",
				"@material/ripple": "^0.39.3",
				"@material/rtl": "^0.39.1",
				"@material/selection-control": "^0.39.3",
				"@material/theme": "^0.39.1"
			}
		},
		"node_modules/@material/chips": {
			"version": "0.39.3",
			"resolved": "https://registry.npmjs.org/@material/chips/-/chips-0.39.3.tgz",
			"integrity": "sha512-nOYTOhIafeZ3oL0nlbaYL9nBk0jtSEjpt35W/bndgur07ulkbjbQRC5O0p6nhVwD4FNOW5erwGzE3B6JRguyig==",
			"dependencies": {
				"@material/animation": "^0.39.0",
				"@material/base": "^0.39.0",
				"@material/checkbox": "^0.39.3",
				"@material/ripple": "^0.39.3",
				"@material/typography": "^0.39.0"
			}
		},
		"node_modules/@material/dialog": {
			"version": "0.39.3",
			"resolved": "https://registry.npmjs.org/@material/dialog/-/dialog-0.39.3.tgz",
			"integrity": "sha512-S2pe2swjCgHe9nDHGA7RrZmNM3ub4gI0bhrTQNoPZo5QNrJ63qiruT68t0//ZAr8d6st4O1Pgd4UWpr3aA5nrg==",
			"dependencies": {
				"@material/animation": "^0.39.0",
				"@material/base": "^0.39.0",
				"@material/elevation": "^0.39.1",
				"@material/ripple": "^0.39.3",
				"@material/rtl": "^0.39.1",
				"@material/theme": "^0.39.1",
				"@material/typography": "^0.39.0",
				"focus-trap": "^2.3.0"
			}
		},
		"node_modules/@material/drawer": {
			"version": "0.39.3",
			"resolved": "https://registry.npmjs.org/@material/drawer/-/drawer-0.39.3.tgz",
			"integrity": "sha512-1fHj7AIxviPc2L4o3NWPvRLGReiBul8jcRkhkkVDVvtUhDaijAKVotanTkXuaOuIDfINXO2gUtxp7ec8KYEzTw==",
			"dependencies": {
				"@material/animation": "^0.39.0",
				"@material/base": "^0.39.0",
				"@material/elevation": "^0.39.1",
				"@material/list": "^0.39.3",
				"@material/rtl": "^0.39.1",
				"@material/theme": "^0.39.1",
				"@material/typography": "^0.39.0",
				"focus-trap": "^3.0.0"
			}
		},
		"node_modules/@material/drawer/node_modules/focus-trap": {
			"version": "3.0.0",
			"resolved": "https://registry.npmjs.org/focus-trap/-/focus-trap-3.0.0.tgz",
			"integrity": "sha512-jTFblf0tLWbleGjj2JZsAKbgtZTdL1uC48L8FcmSDl4c2vDoU4NycN1kgV5vJhuq1mxNFkw7uWZ1JAGlINWvyw==",
			"dependencies": {
				"tabbable": "^3.1.0",
				"xtend": "^4.0.1"
			}
		},
		"node_modules/@material/drawer/node_modules/tabbable": {
			"version": "3.1.2",
			"resolved": "https://registry.npmjs.org/tabbable/-/tabbable-3.1.2.tgz",
			"integrity": "sha512-wjB6puVXTYO0BSFtCmWQubA/KIn7Xvajw0x0l6eJUudMG/EAiJvIUnyNX6xO4NpGrJ16lbD0eUseB9WxW0vlpQ=="
		},
		"node_modules/@material/elevation": {
			"version": "0.39.1",
			"resolved": "https://registry.npmjs.org/@material/elevation/-/elevation-0.39.1.tgz",
			"integrity": "sha512-ir0lqwpkXhJxUQ6KdCTsM2wZze3Oc54knUMbCUnitOWzIRBvlXUO0zlpld5pj3Mb6ApESA6BiaJb4JfEZmX2MA==",
			"dependencies": {
				"@material/animation": "^0.39.0",
				"@material/theme": "^0.39.1"
			}
		},
		"node_modules/@material/fab": {
			"version": "0.39.3",
			"resolved": "https://registry.npmjs.org/@material/fab/-/fab-0.39.3.tgz",
			"integrity": "sha512-pCsl9DBk/TjtHub5BlyxHNT0mviNWKP8F++qCR1i2yZYombdRjeJ/IJsvZImM8jm2MNYhpnuQtQXzXbxBB8F3Q==",
			"dependencies": {
				"@material/animation": "^0.39.0",
				"@material/elevation": "^0.39.1",
				"@material/ripple": "^0.39.3",
				"@material/rtl": "^0.39.1",
				"@material/theme": "^0.39.1",
				"@material/typography": "^0.39.0"
			}
		},
		"node_modules/@material/floating-label": {
			"version": "0.39.1",
			"resolved": "https://registry.npmjs.org/@material/floating-label/-/floating-label-0.39.1.tgz",
			"integrity": "sha512-Ry833abXfBsjdNTRkjSfsSzhV4RQ0BilvpRnP+6uf10f5A8UVK3rTBMJv3TtF/7wwojJtbgf8wAJz0JhZW/7oQ==",
			"dependencies": {
				"@material/base": "^0.39.0",
				"@material/rtl": "^0.39.1",
				"@material/theme": "^0.39.1",
				"@material/typography": "^0.39.0"
			}
		},
		"node_modules/@material/form-field": {
			"version": "0.39.3",
			"resolved": "https://registry.npmjs.org/@material/form-field/-/form-field-0.39.3.tgz",
			"integrity": "sha512-F/p5gZuk3kUDuu3vN+wtttc8Av1BHmj2eDCGNzcg4snK8GqIMEwxl+klbIpkrOA9bQ7C69PKeOGKgoFRisT4eQ==",
			"dependencies": {
				"@material/base": "^0.39.0",
				"@material/rtl": "^0.39.1",
				"@material/selection-control": "^0.39.3",
				"@material/theme": "^0.39.1",
				"@material/typography": "^0.39.0"
			}
		},
		"node_modules/@material/grid-list": {
			"version": "0.39.1",
			"resolved": "https://registry.npmjs.org/@material/grid-list/-/grid-list-0.39.1.tgz",
			"integrity": "sha512-Ta+0u/WQvTvHQZpLisnukrdBuDYZLGpeLTWr/shJByhzuTqvGOHuRdfCKk/TcWetaQAHeo4nRXvG+/tg+0/ZbQ==",
			"dependencies": {
				"@material/base": "^0.39.0",
				"@material/rtl": "^0.39.1",
				"@material/theme": "^0.39.1",
				"@material/typography": "^0.39.0"
			}
		},
		"node_modules/@material/icon-button": {
			"version": "0.39.3",
			"resolved": "https://registry.npmjs.org/@material/icon-button/-/icon-button-0.39.3.tgz",
			"integrity": "sha512-qogYy2MCC3PjOZt+93fD9sWgFYOVexXF3xjiZhDuP3zBy4fdSfaq0xx6P3vPZDEgG6JgDkedRuM6EBAU8FfU3A==",
			"dependencies": {
				"@material/base": "^0.39.0",
				"@material/ripple": "^0.39.3",
				"@material/theme": "^0.39.1"
			}
		},
		"node_modules/@material/icon-toggle": {
			"version": "0.39.3",
			"resolved": "https://registry.npmjs.org/@material/icon-toggle/-/icon-toggle-0.39.3.tgz",
			"integrity": "sha512-SDpDimYmpDgV8cFYGFP8yXIrxrKd9WQaqRCN9EqS9X41dPmp8xSVCPCern6uLb1wD1IVAFxhVi5EaKLg4/Xa8w==",
			"dependencies": {
				"@material/animation": "^0.39.0",
				"@material/base": "^0.39.0",
				"@material/ripple": "^0.39.3",
				"@material/theme": "^0.39.1"
			}
		},
		"node_modules/@material/image-list": {
			"version": "0.39.1",
			"resolved": "https://registry.npmjs.org/@material/image-list/-/image-list-0.39.1.tgz",
			"integrity": "sha512-yU03vElpgypqiwe0tJYyNs52wzDyciigq48CpXkTfLe/7yozJD5jtw71/RSVw+WGpgxJ66nfRLPtFk5iviEgag==",
			"dependencies": {
				"@material/theme": "^0.39.1",
				"@material/typography": "^0.39.0"
			}
		},
		"node_modules/@material/layout-grid": {
			"version": "0.39.0",
			"resolved": "https://registry.npmjs.org/@material/layout-grid/-/layout-grid-0.39.0.tgz",
			"integrity": "sha512-F2V7cf7pJtlDyHKJJ1u7Xn6JWfiY7bFbg33QnhRXYTAhDF5aEcFPeSh9CK8ZZZ4Bom9gzfms2VXWXClbfQgE2Q=="
		},
		"node_modules/@material/line-ripple": {
			"version": "0.39.3",
			"resolved": "https://registry.npmjs.org/@material/line-ripple/-/line-ripple-0.39.3.tgz",
			"integrity": "sha512-EWAWVYhRUWKWVeKFjntiNKe9OF99jwxxsj4j7FVgVD/XCCqDC5GpUEnIP8pjRVCFzmrO8Io3V5x8BipqSlOqUA==",
			"dependencies": {
				"@material/animation": "^0.39.0",
				"@material/base": "^0.39.0",
				"@material/theme": "^0.39.1"
			}
		},
		"node_modules/@material/linear-progress": {
			"version": "0.39.1",
			"resolved": "https://registry.npmjs.org/@material/linear-progress/-/linear-progress-0.39.1.tgz",
			"integrity": "sha512-rYgtSCjTe5eT10XNMuidizhcW7fpbpXYDMR2HsosZL++zTRN3UB6ifkqNdqO1EVu7N4D3/Zb1E1dsdJfpY8Fhg==",
			"dependencies": {
				"@material/animation": "^0.39.0",
				"@material/base": "^0.39.0",
				"@material/theme": "^0.39.1"
			}
		},
		"node_modules/@material/list": {
			"version": "0.39.3",
			"resolved": "https://registry.npmjs.org/@material/list/-/list-0.39.3.tgz",
			"integrity": "sha512-FaEPzkx/iloZDGsZmOHUfomdMEnEvezYIo6ldmddB2BPQOrDeqbPBsvslR0ak8InpGocoWhLRk46ZjBIIJEDNA==",
			"dependencies": {
				"@material/base": "^0.39.0",
				"@material/ripple": "^0.39.3",
				"@material/rtl": "^0.39.1",
				"@material/theme": "^0.39.1",
				"@material/typography": "^0.39.0"
			}
		},
		"node_modules/@material/menu": {
			"version": "0.39.3",
			"resolved": "https://registry.npmjs.org/@material/menu/-/menu-0.39.3.tgz",
			"integrity": "sha512-a4nYyWThDF8hjXyGzPM5tz7e3k1lLgiEUbjr5Rvos24AFFR6HTur2nlQehoUl2Wg+X3x1Ajpf/AbEaA6S4tzDw==",
			"dependencies": {
				"@material/base": "^0.39.0",
				"@material/list": "^0.39.3",
				"@material/menu-surface": "^0.39.1",
				"@material/rtl": "^0.39.1"
			}
		},
		"node_modules/@material/menu-surface": {
			"version": "0.39.1",
			"resolved": "https://registry.npmjs.org/@material/menu-surface/-/menu-surface-0.39.1.tgz",
			"integrity": "sha512-dkb+9qI8BsUNUQxHfaJknCbyg/VTaJemEIbj+8kAaOn/47aem1or+yQos+uXPJZEQt/VHp5L1N9BKIzd5VcrUQ==",
			"dependencies": {
				"@material/animation": "^0.39.0",
				"@material/base": "^0.39.0",
				"@material/elevation": "^0.39.1",
				"@material/rtl": "^0.39.1",
				"@material/theme": "^0.39.1"
			}
		},
		"node_modules/@material/notched-outline": {
			"version": "0.39.1",
			"resolved": "https://registry.npmjs.org/@material/notched-outline/-/notched-outline-0.39.1.tgz",
			"integrity": "sha512-EONvwh31IMeTChz6eqg/rMndfWaRTd/tqjR0dXSaimu4NBDBnPnUq6A4vVhBuAFFIjHU48Jw6HplnfqqDRMN1g==",
			"dependencies": {
				"@material/animation": "^0.39.0",
				"@material/base": "^0.39.0",
				"@material/rtl": "^0.39.1",
				"@material/theme": "^0.39.1"
			}
		},
		"node_modules/@material/radio": {
			"version": "0.39.3",
			"resolved": "https://registry.npmjs.org/@material/radio/-/radio-0.39.3.tgz",
			"integrity": "sha512-xHqioZCBClF3vhZear9Qi8fwLzTxFPkuvsFfIaPuTLwG9UfkS5IptThSTEoqbaB0X+Vdn0fl5wRk535hfcKyNw==",
			"dependencies": {
				"@material/animation": "^0.39.0",
				"@material/base": "^0.39.0",
				"@material/ripple": "^0.39.3",
				"@material/selection-control": "^0.39.3",
				"@material/theme": "^0.39.1"
			}
		},
		"node_modules/@material/ripple": {
			"version": "0.39.3",
			"resolved": "https://registry.npmjs.org/@material/ripple/-/ripple-0.39.3.tgz",
			"integrity": "sha512-MwQjgwK9h13MdKGJT3RTDf9NjCoAS3LmnFpz1fxXgExA1QnoUbB1o7cEaPmqAtZopKVDCf52w1l6Mpf9qEhnCQ==",
			"dependencies": {
				"@material/animation": "^0.39.0",
				"@material/base": "^0.39.0",
				"@material/theme": "^0.39.1"
			}
		},
		"node_modules/@material/rtl": {
			"version": "0.39.1",
			"resolved": "https://registry.npmjs.org/@material/rtl/-/rtl-0.39.1.tgz",
			"integrity": "sha512-6RcXv6tQladbl+SboEHUykiDAz7dE5DjBuLNV0KD7yEUCcUV41WXZ5e4oUd1nDWnK0vHzFtNM7D6BGMPZ2T3zA=="
		},
		"node_modules/@material/select": {
			"version": "0.39.3",
			"resolved": "https://registry.npmjs.org/@material/select/-/select-0.39.3.tgz",
			"integrity": "sha512-PW7LUt4YqZj3g2WVFbNjIR/igQYkmBe8oeEBjsHKMzWJkqABi+3koeEHCu+YuqaGT/yHwyocGia8y2QNvpn5jA==",
			"dependencies": {
				"@material/animation": "^0.39.0",
				"@material/base": "^0.39.0",
				"@material/floating-label": "^0.39.1",
				"@material/line-ripple": "^0.39.3",
				"@material/notched-outline": "^0.39.1",
				"@material/ripple": "^0.39.3",
				"@material/rtl": "^0.39.1",
				"@material/theme": "^0.39.1",
				"@material/typography": "^0.39.0"
			}
		},
		"node_modules/@material/selection-control": {
			"version": "0.39.3",
			"resolved": "https://registry.npmjs.org/@material/selection-control/-/selection-control-0.39.3.tgz",
			"integrity": "sha512-Aia0R7/MuW3Whjj8fQnNzINAvQosL7d9+5M/kut657P6u+7KLUQJr204GU8cWvxGthG85XneWz3hDTGjhqagiw==",
			"dependencies": {
				"@material/ripple": "^0.39.3"
			}
		},
		"node_modules/@material/shape": {
			"version": "0.39.0",
			"resolved": "https://registry.npmjs.org/@material/shape/-/shape-0.39.0.tgz",
			"integrity": "sha512-ZqEZuzX3lC3TYiEwqn/+kSn6G/ogFvyXT1UIUYf5auD2cQ4cKdy07XCJ/gCtlmDQz+g0Ed4Fwp10fYnvnL2hCQ=="
		},
		"node_modules/@material/slider": {
			"version": "0.39.1",
			"resolved": "https://registry.npmjs.org/@material/slider/-/slider-0.39.1.tgz",
			"integrity": "sha512-pv3FrqLgEGqzt4CoN94SGIND9YyGp39NFIk5h9OruQZah8zjPm2lh7CGJ9UkkMGR7Zpxm44E+eqjvEli9LNniw==",
			"dependencies": {
				"@material/animation": "^0.39.0",
				"@material/base": "^0.39.0",
				"@material/rtl": "^0.39.1",
				"@material/theme": "^0.39.1"
			}
		},
		"node_modules/@material/snackbar": {
			"version": "0.39.1",
			"resolved": "https://registry.npmjs.org/@material/snackbar/-/snackbar-0.39.1.tgz",
			"integrity": "sha512-cvzu7eGJcs+taLO12QeTYMlQyYuWcsAftRc5ADbC1AF08mPjQXvlyJscSkzXZcnXvh1/jVB+r+iW9eHL3mAOmw==",
			"dependencies": {
				"@material/animation": "^0.39.0",
				"@material/base": "^0.39.0",
				"@material/rtl": "^0.39.1",
				"@material/theme": "^0.39.1",
				"@material/typography": "^0.39.0"
			}
		},
		"node_modules/@material/switch": {
			"version": "0.39.3",
			"resolved": "https://registry.npmjs.org/@material/switch/-/switch-0.39.3.tgz",
			"integrity": "sha512-2R/rAOlJjvAsfPBIL6yClAGBFINt3T4YVCMIrFx2PuWxpRZbiqbEoUlESIf5r5xXrTPtaMLvX8j7BJbtYXGi9A==",
			"dependencies": {
				"@material/animation": "^0.39.0",
				"@material/base": "^0.39.0",
				"@material/elevation": "^0.39.1",
				"@material/ripple": "^0.39.3",
				"@material/rtl": "^0.39.1",
				"@material/selection-control": "^0.39.3",
				"@material/theme": "^0.39.1"
			}
		},
		"node_modules/@material/tab": {
			"version": "0.39.3",
			"resolved": "https://registry.npmjs.org/@material/tab/-/tab-0.39.3.tgz",
			"integrity": "sha512-7MMsO5jSdwlwgEuULBLAdzz8g/jKGkjqCCBgiHMe+E6dNQsQUB9yQyN3EUs+6+nVTdxKGQf5SN7ApFPgtJYMDA==",
			"dependencies": {
				"@material/base": "^0.39.0",
				"@material/ripple": "^0.39.3",
				"@material/rtl": "^0.39.1",
				"@material/tab-indicator": "^0.39.3",
				"@material/theme": "^0.39.1",
				"@material/typography": "^0.39.0"
			}
		},
		"node_modules/@material/tab-bar": {
			"version": "0.39.3",
			"resolved": "https://registry.npmjs.org/@material/tab-bar/-/tab-bar-0.39.3.tgz",
			"integrity": "sha512-DF33bY39cnoLg0zK9EjXz4GOVj0pk7J8DSup7aLhHr0UgLOEmVX/o3XmQBG7esdSScQcwwluiEiYbwqqYkWcZQ==",
			"dependencies": {
				"@material/base": "^0.39.0",
				"@material/elevation": "^0.39.1",
				"@material/tab": "^0.39.3",
				"@material/tab-scroller": "^0.39.3"
			}
		},
		"node_modules/@material/tab-indicator": {
			"version": "0.39.3",
			"resolved": "https://registry.npmjs.org/@material/tab-indicator/-/tab-indicator-0.39.3.tgz",
			"integrity": "sha512-o6RU7PIJrDjbI/Sm//fftNtjl1XUftDKNnZfb27pCzT+IxHRt1prOJmee5y0sZqNAzb9kWb2J8GenIVAmqDzeg==",
			"dependencies": {
				"@material/animation": "^0.39.0",
				"@material/base": "^0.39.0",
				"@material/theme": "^0.39.1"
			}
		},
		"node_modules/@material/tab-scroller": {
			"version": "0.39.3",
			"resolved": "https://registry.npmjs.org/@material/tab-scroller/-/tab-scroller-0.39.3.tgz",
			"integrity": "sha512-CHWKuzhvR75P6pliLbwBkSIWDbC6YH+DLQEETTmeZXtLXDdvPpNpycfxBRdWK8KuDfhmWOjji+jCx4QYAmILNQ==",
			"dependencies": {
				"@material/animation": "^0.39.0",
				"@material/base": "^0.39.0",
				"@material/tab": "^0.39.3"
			}
		},
		"node_modules/@material/tabs": {
			"version": "0.39.3",
			"resolved": "https://registry.npmjs.org/@material/tabs/-/tabs-0.39.3.tgz",
			"integrity": "sha512-FpAiZXddf3AR/Mvpq0yZM2vetcsUML+SZI9RhHLvbN+pXfQLqkneJuTPvQ49OYpMx45wxsGsFaN8wKinXDfiuw==",
			"dependencies": {
				"@material/animation": "^0.39.0",
				"@material/base": "^0.39.0",
				"@material/ripple": "^0.39.3",
				"@material/rtl": "^0.39.1",
				"@material/theme": "^0.39.1",
				"@material/typography": "^0.39.0"
			}
		},
		"node_modules/@material/textfield": {
			"version": "0.39.3",
			"resolved": "https://registry.npmjs.org/@material/textfield/-/textfield-0.39.3.tgz",
			"integrity": "sha512-FGCyA4fCjUkw8PCQoLAlVKR7Cd0scw4036Lk0l5SBd7DwZQ6Rq63wAx0kbE5CLovysoonU6xBSwsnAfN8uUSDg==",
			"dependencies": {
				"@material/animation": "^0.39.0",
				"@material/base": "^0.39.0",
				"@material/floating-label": "^0.39.1",
				"@material/line-ripple": "^0.39.3",
				"@material/notched-outline": "^0.39.1",
				"@material/ripple": "^0.39.3",
				"@material/rtl": "^0.39.1",
				"@material/theme": "^0.39.1",
				"@material/typography": "^0.39.0"
			}
		},
		"node_modules/@material/theme": {
			"version": "0.39.1",
			"resolved": "https://registry.npmjs.org/@material/theme/-/theme-0.39.1.tgz",
			"integrity": "sha512-c7xjzzHdF4kBl66VJfATBAV9cwD/6TOyVPOWiK5rPxmu9g7uEAe1HmupqJRR1pMFCPX2w85gfvIsxh79EU6YJA=="
		},
		"node_modules/@material/toolbar": {
			"version": "0.39.3",
			"resolved": "https://registry.npmjs.org/@material/toolbar/-/toolbar-0.39.3.tgz",
			"integrity": "sha512-Mddr9nWO2a03G2xbg4jpxwGVNyKD8qlXtNVUkR1zPZW2kP6qMcr6klZxmSvmEGWQaiA7wGYWKsPeAU6L9nGxMg==",
			"dependencies": {
				"@material/base": "^0.39.0",
				"@material/elevation": "^0.39.1",
				"@material/ripple": "^0.39.3",
				"@material/rtl": "^0.39.1",
				"@material/theme": "^0.39.1",
				"@material/typography": "^0.39.0"
			}
		},
		"node_modules/@material/top-app-bar": {
			"version": "0.39.3",
			"resolved": "https://registry.npmjs.org/@material/top-app-bar/-/top-app-bar-0.39.3.tgz",
			"integrity": "sha512-GLq0NuBVMZpHWZJa8gpevk5oIj7nIVQFDuqI4IG7MfG1kuwn5Qzf5Zj/ZX5d2NwLGb5K/+7CvvrgD9TwWK/C8A==",
			"dependencies": {
				"@material/animation": "^0.39.0",
				"@material/base": "^0.39.0",
				"@material/elevation": "^0.39.1",
				"@material/ripple": "^0.39.3",
				"@material/rtl": "^0.39.1",
				"@material/theme": "^0.39.1",
				"@material/typography": "^0.39.0"
			}
		},
		"node_modules/@material/typography": {
			"version": "0.39.0",
			"resolved": "https://registry.npmjs.org/@material/typography/-/typography-0.39.0.tgz",
			"integrity": "sha512-S7YTR2mXuAaPvsgX6jyT1YvWQhH2xHWi+SKJvlunoF/Dw6vq6Ud+APmqigHVRPNCcFt4zkbM7C64IxYjjkIApQ=="
		},
		"node_modules/bind-decorator": {
			"version": "1.0.11",
			"resolved": "https://registry.npmjs.org/bind-decorator/-/bind-decorator-1.0.11.tgz",
			"integrity": "sha512-yzkH0uog6Vv/vQ9+rhSKxecnqGUZHYncg7qS7voz3Q76+TAi1SGiOKk2mlOvusQnFz9Dc4BC/NMkeXu11YgjJg=="
		},
		"node_modules/focus-trap": {
			"version": "2.4.6",
			"resolved": "https://registry.npmjs.org/focus-trap/-/focus-trap-2.4.6.tgz",
			"integrity": "sha512-vWZTPtBU6pBoyWZDRZJHkXsyP2ZCZBHE3DRVXnSVdQKH/mcDtu9S5Kz8CUDyIqpfZfLEyI9rjKJLnc4Y40BRBg==",
			"dependencies": {
				"tabbable": "^1.0.3"
			}
		},
		"node_modules/fsevents": {
			"version": "2.3.3",
			"resolved": "https://registry.npmjs.org/fsevents/-/fsevents-2.3.3.tgz",
			"integrity": "sha512-5xoDfX+fL7faATnagmWPpbFtwh/R77WmMMqqHGS65C3vvB0YHrgF+B1YmZ3441tMj5n63k0212XNoJwzlhffQw==",
			"dev": true,
			"hasInstallScript": true,
			"optional": true,
			"os": [
				"darwin"
			],
			"engines": {
				"node": "^8.16.0 || ^10.6.0 || >=11.0.0"
			}
		},
		"node_modules/material-components-web": {
			"version": "0.39.3",
			"resolved": "https://registry.npmjs.org/material-components-web/-/material-components-web-0.39.3.tgz",
			"integrity": "sha512-u5RcFjRHi1TjTq3XIKx6npERF/j1d0Cdzi7AdFt3yjvKOMsCxaamjSlu7fScyblBQ8nzuFRbuc3ctkiiS3h+IQ==",
			"dependencies": {
				"@material/animation": "^0.39.0",
				"@material/auto-init": "^0.39.0",
				"@material/base": "^0.39.0",
				"@material/button": "^0.39.3",
				"@material/card": "^0.39.3",
				"@material/checkbox": "^0.39.3",
				"@material/chips": "^0.39.3",
				"@material/dialog": "^0.39.3",
				"@material/drawer": "^0.39.3",
				"@material/elevation": "^0.39.1",
				"@material/fab": "^0.39.3",
				"@material/floating-label": "^0.39.1",
				"@material/form-field": "^0.39.3",
				"@material/grid-list": "^0.39.1",
				"@material/icon-button": "^0.39.3",
				"@material/icon-toggle": "^0.39.3",
				"@material/image-list": "^0.39.1",
				"@material/layout-grid": "^0.39.0",
				"@material/line-ripple": "^0.39.3",
				"@material/linear-progress": "^0.39.1",
				"@material/list": "^0.39.3",
				"@material/menu": "^0.39.3",
				"@material/menu-surface": "^0.39.1",
				"@material/notched-outline": "^0.39.1",
				"@material/radio": "^0.39.3",
				"@material/ripple": "^0.39.3",
				"@material/rtl": "^0.39.1",
				"@material/select": "^0.39.3",
				"@material/selection-control": "^0.39.3",
				"@material/shape": "^0.39.0",
				"@material/slider": "^0.39.1",
				"@material/snackbar": "^0.39.1",
				"@material/switch": "^0.39.3",
				"@material/tab": "^0.39.3",
				"@material/tab-bar": "^0.39.3",
				"@material/tab-indicator": "^0.39.3",
				"@material/tab-scroller": "^0.39.3",
				"@material/textfield": "^0.39.3",
				"@material/theme": "^0.39.1",
				"@material/toolbar": "^0.39.3",
				"@material/top-app-bar": "^0.39.3",
				"@material/typography": "^0.39.0"
			}
		},
		"node_modules/preact": {
			"version": "10.22.0",
			"resolved": "https://registry.npmjs.org/preact/-/preact-10.22.0.tgz",
			"integrity": "sha512-RRurnSjJPj4rp5K6XoP45Ui33ncb7e4H7WiOHVpjbkvqvA3U+N8Z6Qbo0AE6leGYBV66n8EhEaFixvIu3SkxFw==",
			"funding": {
				"type": "opencollective",
				"url": "https://opencollective.com/preact"
			}
		},
		"node_modules/preact-custom-element": {
			"version": "4.3.0",
			"resolved": "https://registry.npmjs.org/preact-custom-element/-/preact-custom-element-4.3.0.tgz",
			"integrity": "sha512-5hG7nQhU4e7RNfCEQklaUqYQiiyibLuJ2wbhR+E2v1m8m9NDsJok5MykW/Nx0YLLBcXr8xnkap6DwByGy2TzDA==",
			"peerDependencies": {
				"preact": "10.x"
			}
		},
		"node_modules/preact-iso": {
			"version": "2.6.3",
			"resolved": "https://registry.npmjs.org/preact-iso/-/preact-iso-2.6.3.tgz",
			"integrity": "sha512-2JqNi+Elyt7rf0kULtMn/QskbZE10cDMrhmoanGKWJX3gOCTIfLt/ta5xWu+kQUsyInPkTQIVp3fS5Im0V+X8A==",
			"peerDependencies": {
				"preact": ">=10",
				"preact-render-to-string": ">=6.4.0"
			}
		},
		"node_modules/preact-material-components": {
			"version": "1.6.1",
			"resolved": "https://registry.npmjs.org/preact-material-components/-/preact-material-components-1.6.1.tgz",
			"integrity": "sha512-MgCcZx4EdZ29qCATRCcD9PoVxSbFvPS5uOvQSwiI6FMXrHsI6TnkX8ER+7mPpyuHIVYo81O0EsBAW04xiz0x5w==",
			"dependencies": {
				"@babel/runtime": "^7.0.0-beta.54",
				"@material/animation": "0.39.0",
				"@material/auto-init": "0.39.0",
				"@material/base": "0.39.0",
				"@material/button": "0.39.3",
				"@material/card": "0.39.3",
				"@material/checkbox": "0.39.3",
				"@material/chips": "0.39.3",
				"@material/dialog": "0.39.3",
				"@material/drawer": "0.39.3",
				"@material/elevation": "0.39.1",
				"@material/fab": "0.39.3",
				"@material/form-field": "0.39.3",
				"@material/grid-list": "0.39.1",
				"@material/icon-toggle": "0.39.3",
				"@material/layout-grid": "0.39.0",
				"@material/line-ripple": "0.39.3",
				"@material/linear-progress": "0.39.1",
				"@material/list": "0.39.3",
				"@material/menu": "0.39.3",
				"@material/notched-outline": "0.39.1",
				"@material/radio": "0.39.3",
				"@material/ripple": "0.39.3",
				"@material/rtl": "0.39.1",
				"@material/select": "0.39.3",
				"@material/selection-control": "0.39.3",
				"@material/slider": "0.39.1",
				"@material/snackbar": "0.39.1",
				"@material/switch": "0.39.3",
				"@material/tab-bar": "0.39.3",
				"@material/tabs": "0.39.3",
				"@material/textfield": "0.39.3",
				"@material/theme": "0.39.1",
				"@material/toolbar": "0.39.3",
				"@material/top-app-bar": "0.39.3",
				"@material/typography": "0.39.0",
				"bind-decorator": "^1.0.11",
				"material-components-web": "0.39.3"
			},
			"peerDependencies": {
				"preact": "*"
			}
		},
		"node_modules/preact-render-to-string": {
			"version": "6.5.4",
			"resolved": "https://registry.npmjs.org/preact-render-to-string/-/preact-render-to-string-6.5.4.tgz",
			"integrity": "sha512-06s0E3cEMLoXQznmtJ/K/xbFs3uwo52Qpgf8lzbe+VbF/XzwJ0LxZGtVLZekhaEeC39+W1MEf05F4lUikzPnxA==",
			"peer": true,
			"peerDependencies": {
				"preact": ">=10"
			}
		},
		"node_modules/regenerator-runtime": {
			"version": "0.14.1",
			"resolved": "https://registry.npmjs.org/regenerator-runtime/-/regenerator-runtime-0.14.1.tgz",
			"integrity": "sha512-dYnhHh0nJoMfnkZs6GmmhFknAGRrLznOu5nc9ML+EJxGvrx6H7teuevqVqCuPcPK//3eDrrjQhehXVx9cnkGdw=="
		},
		"node_modules/tabbable": {
			"version": "1.1.3",
			"resolved": "https://registry.npmjs.org/tabbable/-/tabbable-1.1.3.tgz",
			"integrity": "sha512-nOWwx35/JuDI4ONuF0ZTo6lYvI0fY0tZCH1ErzY2EXfu4az50ZyiUX8X073FLiZtmWUVlkRnuXsehjJgCw9tYg=="
		},
		"node_modules/wmr": {
			"version": "3.8.0",
			"resolved": "https://registry.npmjs.org/wmr/-/wmr-3.8.0.tgz",
			"integrity": "sha512-W3f2nB80C9Y0uNZXWMoxINkz4HdBRxt5MvxmcFcMlO87Ybsf6ny23kVUUzU8RA2LX86CpReMHl2Y0BTMLezLRg==",
			"dev": true,
			"bin": {
				"wmr": "wmr.cjs"
			},
			"engines": {
				"node": ">=12.17.x"
			},
			"optionalDependencies": {
				"fsevents": "^2.1.3"
			}
		},
		"node_modules/xtend": {
			"version": "4.0.2",
			"resolved": "https://registry.npmjs.org/xtend/-/xtend-4.0.2.tgz",
			"integrity": "sha512-LKYU1iAXJXUgAXn9URjiu+MWhyUXHsvfp7mcuYm9dSUKK0/CjtrUwFAxD82/mCWbtLsGjFIad0wIsod4zrTAEQ==",
			"engines": {
				"node": ">=0.4"
			}
		}
	}
}
